{
  "name": "pouse-cli",
  "version": "1.0.1",
  "lockfileVersion": 3,
  "requires": true,
  "packages": {
    "": {
      "name": "pouse-cli",
      "version": "1.0.1",
      "license": "MIT",
      "bin": {
        "pouse": "bin/pouse.js"
      },
      "devDependencies": {},
      "engines": {
        "node": ">=22.0.0"
      }
    }
  }
}
